<?xml version="1.0" encoding="utf-8"?>
<Project ToolsVersion="17.0" xmlns="http://schemas.microsoft.com/developer/msbuild/2003">
  <ItemGroup>
    <ClCompile Include="C:\Users\1n2a3\Documents\ISРПО_GitLabs\LR2_CMake\2A\sample_program\main.cpp">
      <Filter>Source Files</Filter>
    </ClCompile>
  </ItemGroup>
  <ItemGroup>
    <CustomBuild Include="C:\Users\1n2a3\Documents\ISРПО_GitLabs\LR2_CMake\2A\sample_program\CMakeLists.txt" />
  </ItemGroup>
  <ItemGroup>
    <Filter Include="Source Files">
      <UniqueIdentifier>{728BF824-815D-3305-8520-9824A38FBBA1}</UniqueIdentifier>
    </Filter>
  </ItemGroup>
</Project>
